// !$*UTF8*$!
{
	archiveVersion = 1;
	classes = {
	};
	objectVersion = 50;
	objects = {

/* Begin PBXBuildFile section */
		5949AEFD797B8CCC10FEB3D0 /* Pods_WakeUpTests.framework in Frameworks */ = {isa = PBXBuildFile; fileRef = F6805E4D716384B9DD2E882D /* Pods_WakeUpTests.framework */; };
		91F9735C24D289137B2F723B /* Pods_WakeUpUITests.framework in Frameworks */ = {isa = PBXBuildFile; fileRef = D6EABE4B6ED7E9760C30872C /* Pods_WakeUpUITests.framework */; };
		E060F4222243C170001FB9AF /* AppDelegate.swift in Sources */ = {isa = PBXBuildFile; fileRef = E060F4212243C170001FB9AF /* AppDelegate.swift */; };
		E060F4242243C170001FB9AF /* AlarmsViewController.swift in Sources */ = {isa = PBXBuildFile; fileRef = E060F4232243C170001FB9AF /* AlarmsViewController.swift */; };
		E060F4262243C170001FB9AF /* NSViewController.swift in Sources */ = {isa = PBXBuildFile; fileRef = E060F4252243C170001FB9AF /* NSViewController.swift */; };
		E060F4292243C170001FB9AF /* Main.storyboard in Resources */ = {isa = PBXBuildFile; fileRef = E060F4272243C170001FB9AF /* Main.storyboard */; };
		E060F42B2243C172001FB9AF /* Assets.xcassets in Resources */ = {isa = PBXBuildFile; fileRef = E060F42A2243C172001FB9AF /* Assets.xcassets */; };
		E060F42E2243C172001FB9AF /* LaunchScreen.storyboard in Resources */ = {isa = PBXBuildFile; fileRef = E060F42C2243C172001FB9AF /* LaunchScreen.storyboard */; };
		E060F4392243C172001FB9AF /* WakeUpTests.swift in Sources */ = {isa = PBXBuildFile; fileRef = E060F4382243C172001FB9AF /* WakeUpTests.swift */; };
		E060F4442243C172001FB9AF /* WakeUpUITests.swift in Sources */ = {isa = PBXBuildFile; fileRef = E060F4432243C172001FB9AF /* WakeUpUITests.swift */; };
		E060F4582244E616001FB9AF /* NewAlarmViewController.swift in Sources */ = {isa = PBXBuildFile; fileRef = E060F4572244E616001FB9AF /* NewAlarmViewController.swift */; };
		E0911372224C165B00EB2480 /* GoogleService-Info.plist in Resources */ = {isa = PBXBuildFile; fileRef = E0911371224C165B00EB2480 /* GoogleService-Info.plist */; };
		E0911374224C1D2000EB2480 /* .gitignore in Resources */ = {isa = PBXBuildFile; fileRef = E0911373224C1D2000EB2480 /* .gitignore */; };
		E0911376224C256B00EB2480 /* CollectionViewCell.swift in Sources */ = {isa = PBXBuildFile; fileRef = E0911375224C256B00EB2480 /* CollectionViewCell.swift */; };
		E0911378224E39C200EB2480 /* ding.wav in Resources */ = {isa = PBXBuildFile; fileRef = E0911377224E39C200EB2480 /* ding.wav */; };
		F0484EA380FB3C82F8B9BB48 /* Pods_WakeUp.framework in Frameworks */ = {isa = PBXBuildFile; fileRef = 41C2517D568DF310DC4E387F /* Pods_WakeUp.framework */; };
/* End PBXBuildFile section */

/* Begin PBXContainerItemProxy section */
		E060F4352243C172001FB9AF /* PBXContainerItemProxy */ = {
			isa = PBXContainerItemProxy;
			containerPortal = E060F4162243C170001FB9AF /* Project object */;
			proxyType = 1;
			remoteGlobalIDString = E060F41D2243C170001FB9AF;
			remoteInfo = WakeUp;
		};
		E060F4402243C172001FB9AF /* PBXContainerItemProxy */ = {
			isa = PBXContainerItemProxy;
			containerPortal = E060F4162243C170001FB9AF /* Project object */;
			proxyType = 1;
			remoteGlobalIDString = E060F41D2243C170001FB9AF;
			remoteInfo = WakeUp;
		};
/* End PBXContainerItemProxy section */

/* Begin PBXFileReference section */
		203DB19307141733619257AC /* Pods-WakeUpUITests.release.xcconfig */ = {isa = PBXFileReference; includeInIndex = 1; lastKnownFileType = text.xcconfig; name = "Pods-WakeUpUITests.release.xcconfig"; path = "Target Support Files/Pods-WakeUpUITests/Pods-WakeUpUITests.release.xcconfig"; sourceTree = "<group>"; };
		3900221F10F9951148E3A5E2 /* Pods-WakeUpUITests.debug.xcconfig */ = {isa = PBXFileReference; includeInIndex = 1; lastKnownFileType = text.xcconfig; name = "Pods-WakeUpUITests.debug.xcconfig"; path = "Target Support Files/Pods-WakeUpUITests/Pods-WakeUpUITests.debug.xcconfig"; sourceTree = "<group>"; };
		41C2517D568DF310DC4E387F /* Pods_WakeUp.framework */ = {isa = PBXFileReference; explicitFileType = wrapper.framework; includeInIndex = 0; path = Pods_WakeUp.framework; sourceTree = BUILT_PRODUCTS_DIR; };
		70EB6B0CBC8CB94682D53AF9 /* Pods-WakeUp.debug.xcconfig */ = {isa = PBXFileReference; includeInIndex = 1; lastKnownFileType = text.xcconfig; name = "Pods-WakeUp.debug.xcconfig"; path = "Target Support Files/Pods-WakeUp/Pods-WakeUp.debug.xcconfig"; sourceTree = "<group>"; };
		B7E30B553361F9B9A582DF75 /* Pods-WakeUpTests.release.xcconfig */ = {isa = PBXFileReference; includeInIndex = 1; lastKnownFileType = text.xcconfig; name = "Pods-WakeUpTests.release.xcconfig"; path = "Target Support Files/Pods-WakeUpTests/Pods-WakeUpTests.release.xcconfig"; sourceTree = "<group>"; };
		D6EABE4B6ED7E9760C30872C /* Pods_WakeUpUITests.framework */ = {isa = PBXFileReference; explicitFileType = wrapper.framework; includeInIndex = 0; path = Pods_WakeUpUITests.framework; sourceTree = BUILT_PRODUCTS_DIR; };
		E060F41E2243C170001FB9AF /* WakeUp.app */ = {isa = PBXFileReference; explicitFileType = wrapper.application; includeInIndex = 0; path = WakeUp.app; sourceTree = BUILT_PRODUCTS_DIR; };
		E060F4212243C170001FB9AF /* AppDelegate.swift */ = {isa = PBXFileReference; lastKnownFileType = sourcecode.swift; path = AppDelegate.swift; sourceTree = "<group>"; };
		E060F4232243C170001FB9AF /* AlarmsViewController.swift */ = {isa = PBXFileReference; lastKnownFileType = sourcecode.swift; path = AlarmsViewController.swift; sourceTree = "<group>"; };
		E060F4252243C170001FB9AF /* NSViewController.swift */ = {isa = PBXFileReference; lastKnownFileType = sourcecode.swift; path = NSViewController.swift; sourceTree = "<group>"; };
		E060F4282243C170001FB9AF /* Base */ = {isa = PBXFileReference; lastKnownFileType = file.storyboard; name = Base; path = Base.lproj/Main.storyboard; sourceTree = "<group>"; };
		E060F42A2243C172001FB9AF /* Assets.xcassets */ = {isa = PBXFileReference; lastKnownFileType = folder.assetcatalog; path = Assets.xcassets; sourceTree = "<group>"; };
		E060F42D2243C172001FB9AF /* Base */ = {isa = PBXFileReference; lastKnownFileType = file.storyboard; name = Base; path = Base.lproj/LaunchScreen.storyboard; sourceTree = "<group>"; };
		E060F42F2243C172001FB9AF /* Info.plist */ = {isa = PBXFileReference; lastKnownFileType = text.plist.xml; path = Info.plist; sourceTree = "<group>"; };
		E060F4342243C172001FB9AF /* WakeUpTests.xctest */ = {isa = PBXFileReference; explicitFileType = wrapper.cfbundle; includeInIndex = 0; path = WakeUpTests.xctest; sourceTree = BUILT_PRODUCTS_DIR; };
		E060F4382243C172001FB9AF /* WakeUpTests.swift */ = {isa = PBXFileReference; lastKnownFileType = sourcecode.swift; path = WakeUpTests.swift; sourceTree = "<group>"; };
		E060F43A2243C172001FB9AF /* Info.plist */ = {isa = PBXFileReference; lastKnownFileType = text.plist.xml; path = Info.plist; sourceTree = "<group>"; };
		E060F43F2243C172001FB9AF /* WakeUpUITests.xctest */ = {isa = PBXFileReference; explicitFileType = wrapper.cfbundle; includeInIndex = 0; path = WakeUpUITests.xctest; sourceTree = BUILT_PRODUCTS_DIR; };
		E060F4432243C172001FB9AF /* WakeUpUITests.swift */ = {isa = PBXFileReference; lastKnownFileType = sourcecode.swift; path = WakeUpUITests.swift; sourceTree = "<group>"; };
		E060F4452243C172001FB9AF /* Info.plist */ = {isa = PBXFileReference; lastKnownFileType = text.plist.xml; path = Info.plist; sourceTree = "<group>"; };
		E060F4572244E616001FB9AF /* NewAlarmViewController.swift */ = {isa = PBXFileReference; lastKnownFileType = sourcecode.swift; path = NewAlarmViewController.swift; sourceTree = "<group>"; };
		E0911371224C165B00EB2480 /* GoogleService-Info.plist */ = {isa = PBXFileReference; fileEncoding = 4; lastKnownFileType = text.plist.xml; path = "GoogleService-Info.plist"; sourceTree = "<group>"; };
		E0911373224C1D2000EB2480 /* .gitignore */ = {isa = PBXFileReference; lastKnownFileType = text; path = .gitignore; sourceTree = "<group>"; };
		E0911375224C256B00EB2480 /* CollectionViewCell.swift */ = {isa = PBXFileReference; lastKnownFileType = sourcecode.swift; path = CollectionViewCell.swift; sourceTree = "<group>"; };
		E0911377224E39C200EB2480 /* ding.wav */ = {isa = PBXFileReference; lastKnownFileType = audio.wav; path = ding.wav; sourceTree = "<group>"; };
		E3723B51B5CE4E884D63A60E /* Pods-WakeUpTests.debug.xcconfig */ = {isa = PBXFileReference; includeInIndex = 1; lastKnownFileType = text.xcconfig; name = "Pods-WakeUpTests.debug.xcconfig"; path = "Target Support Files/Pods-WakeUpTests/Pods-WakeUpTests.debug.xcconfig"; sourceTree = "<group>"; };
		E4BE38784CBFABA1E55675AA /* Pods-WakeUp.release.xcconfig */ = {isa = PBXFileReference; includeInIndex = 1; lastKnownFileType = text.xcconfig; name = "Pods-WakeUp.release.xcconfig"; path = "Target Support Files/Pods-WakeUp/Pods-WakeUp.release.xcconfig"; sourceTree = "<group>"; };
		F6805E4D716384B9DD2E882D /* Pods_WakeUpTests.framework */ = {isa = PBXFileReference; explicitFileType = wrapper.framework; includeInIndex = 0; path = Pods_WakeUpTests.framework; sourceTree = BUILT_PRODUCTS_DIR; };
/* End PBXFileReference section */

/* Begin PBXFrameworksBuildPhase section */
		E060F41B2243C170001FB9AF /* Frameworks */ = {
			isa = PBXFrameworksBuildPhase;
			buildActionMask = 2147483647;
			files = (
				F0484EA380FB3C82F8B9BB48 /* Pods_WakeUp.framework in Frameworks */,
			);
			runOnlyForDeploymentPostprocessing = 0;
		};
		E060F4312243C172001FB9AF /* Frameworks */ = {
			isa = PBXFrameworksBuildPhase;
			buildActionMask = 2147483647;
			files = (
				5949AEFD797B8CCC10FEB3D0 /* Pods_WakeUpTests.framework in Frameworks */,
			);
			runOnlyForDeploymentPostprocessing = 0;
		};
		E060F43C2243C172001FB9AF /* Frameworks */ = {
			isa = PBXFrameworksBuildPhase;
			buildActionMask = 2147483647;
			files = (
				91F9735C24D289137B2F723B /* Pods_WakeUpUITests.framework in Frameworks */,
			);
			runOnlyForDeploymentPostprocessing = 0;
		};
/* End PBXFrameworksBuildPhase section */

/* Begin PBXGroup section */
		B72841BD34B377FF2B9576B8 /* Pods */ = {
			isa = PBXGroup;
			children = (
				70EB6B0CBC8CB94682D53AF9 /* Pods-WakeUp.debug.xcconfig */,
				E4BE38784CBFABA1E55675AA /* Pods-WakeUp.release.xcconfig */,
				E3723B51B5CE4E884D63A60E /* Pods-WakeUpTests.debug.xcconfig */,
				B7E30B553361F9B9A582DF75 /* Pods-WakeUpTests.release.xcconfig */,
				3900221F10F9951148E3A5E2 /* Pods-WakeUpUITests.debug.xcconfig */,
				203DB19307141733619257AC /* Pods-WakeUpUITests.release.xcconfig */,
			);
			path = Pods;
			sourceTree = "<group>";
		};
		D47E86D61284483CBF552FDC /* Frameworks */ = {
			isa = PBXGroup;
			children = (
				41C2517D568DF310DC4E387F /* Pods_WakeUp.framework */,
				F6805E4D716384B9DD2E882D /* Pods_WakeUpTests.framework */,
				D6EABE4B6ED7E9760C30872C /* Pods_WakeUpUITests.framework */,
			);
			name = Frameworks;
			sourceTree = "<group>";
		};
		E060F4152243C170001FB9AF = {
			isa = PBXGroup;
			children = (
				E0911373224C1D2000EB2480 /* .gitignore */,
				E060F4202243C170001FB9AF /* WakeUp */,
				E060F4372243C172001FB9AF /* WakeUpTests */,
				E060F4422243C172001FB9AF /* WakeUpUITests */,
				E060F41F2243C170001FB9AF /* Products */,
				B72841BD34B377FF2B9576B8 /* Pods */,
				D47E86D61284483CBF552FDC /* Frameworks */,
			);
			sourceTree = "<group>";
		};
		E060F41F2243C170001FB9AF /* Products */ = {
			isa = PBXGroup;
			children = (
				E060F41E2243C170001FB9AF /* WakeUp.app */,
				E060F4342243C172001FB9AF /* WakeUpTests.xctest */,
				E060F43F2243C172001FB9AF /* WakeUpUITests.xctest */,
			);
			name = Products;
			sourceTree = "<group>";
		};
		E060F4202243C170001FB9AF /* WakeUp */ = {
			isa = PBXGroup;
			children = (
				E0911371224C165B00EB2480 /* GoogleService-Info.plist */,
				E060F4212243C170001FB9AF /* AppDelegate.swift */,
				E060F4232243C170001FB9AF /* AlarmsViewController.swift */,
				E060F4252243C170001FB9AF /* NSViewController.swift */,
				E060F4272243C170001FB9AF /* Main.storyboard */,
				E0911375224C256B00EB2480 /* CollectionViewCell.swift */,
				E060F42A2243C172001FB9AF /* Assets.xcassets */,
				E0911377224E39C200EB2480 /* ding.wav */,
				E060F42C2243C172001FB9AF /* LaunchScreen.storyboard */,
				E060F42F2243C172001FB9AF /* Info.plist */,
				E060F4572244E616001FB9AF /* NewAlarmViewController.swift */,
			);
			path = WakeUp;
			sourceTree = "<group>";
		};
		E060F4372243C172001FB9AF /* WakeUpTests */ = {
			isa = PBXGroup;
			children = (
				E060F4382243C172001FB9AF /* WakeUpTests.swift */,
				E060F43A2243C172001FB9AF /* Info.plist */,
			);
			path = WakeUpTests;
			sourceTree = "<group>";
		};
		E060F4422243C172001FB9AF /* WakeUpUITests */ = {
			isa = PBXGroup;
			children = (
				E060F4432243C172001FB9AF /* WakeUpUITests.swift */,
				E060F4452243C172001FB9AF /* Info.plist */,
			);
			path = WakeUpUITests;
			sourceTree = "<group>";
		};
/* End PBXGroup section */

/* Begin PBXNativeTarget section */
		E060F41D2243C170001FB9AF /* WakeUp */ = {
			isa = PBXNativeTarget;
			buildConfigurationList = E060F4482243C172001FB9AF /* Build configuration list for PBXNativeTarget "WakeUp" */;
			buildPhases = (
				597890448CACC26A7FF56798 /* [CP] Check Pods Manifest.lock */,
				E060F41A2243C170001FB9AF /* Sources */,
				E060F41B2243C170001FB9AF /* Frameworks */,
				E060F41C2243C170001FB9AF /* Resources */,
				411F396A4CF78A19BE60EE0C /* [CP] Embed Pods Frameworks */,
			);
			buildRules = (
			);
			dependencies = (
			);
			name = WakeUp;
			productName = WakeUp;
			productReference = E060F41E2243C170001FB9AF /* WakeUp.app */;
			productType = "com.apple.product-type.application";
		};
		E060F4332243C172001FB9AF /* WakeUpTests */ = {
			isa = PBXNativeTarget;
			buildConfigurationList = E060F44B2243C172001FB9AF /* Build configuration list for PBXNativeTarget "WakeUpTests" */;
			buildPhases = (
				A797844460D7763991B8D584 /* [CP] Check Pods Manifest.lock */,
				E060F4302243C172001FB9AF /* Sources */,
				E060F4312243C172001FB9AF /* Frameworks */,
				E060F4322243C172001FB9AF /* Resources */,
			);
			buildRules = (
			);
			dependencies = (
				E060F4362243C172001FB9AF /* PBXTargetDependency */,
			);
			name = WakeUpTests;
			productName = WakeUpTests;
			productReference = E060F4342243C172001FB9AF /* WakeUpTests.xctest */;
			productType = "com.apple.product-type.bundle.unit-test";
		};
		E060F43E2243C172001FB9AF /* WakeUpUITests */ = {
			isa = PBXNativeTarget;
			buildConfigurationList = E060F44E2243C172001FB9AF /* Build configuration list for PBXNativeTarget "WakeUpUITests" */;
			buildPhases = (
				AE661909AAE616BBA620C34B /* [CP] Check Pods Manifest.lock */,
				E060F43B2243C172001FB9AF /* Sources */,
				E060F43C2243C172001FB9AF /* Frameworks */,
				E060F43D2243C172001FB9AF /* Resources */,
			);
			buildRules = (
			);
			dependencies = (
				E060F4412243C172001FB9AF /* PBXTargetDependency */,
			);
			name = WakeUpUITests;
			productName = WakeUpUITests;
			productReference = E060F43F2243C172001FB9AF /* WakeUpUITests.xctest */;
			productType = "com.apple.product-type.bundle.ui-testing";
		};
/* End PBXNativeTarget section */

/* Begin PBXProject section */
		E060F4162243C170001FB9AF /* Project object */ = {
			isa = PBXProject;
			attributes = {
				LastSwiftUpdateCheck = 1010;
				LastUpgradeCheck = 1010;
				ORGANIZATIONNAME = Dylano;
				TargetAttributes = {
					E060F41D2243C170001FB9AF = {
						CreatedOnToolsVersion = 10.1;
					};
					E060F4332243C172001FB9AF = {
						CreatedOnToolsVersion = 10.1;
						TestTargetID = E060F41D2243C170001FB9AF;
					};
					E060F43E2243C172001FB9AF = {
						CreatedOnToolsVersion = 10.1;
						TestTargetID = E060F41D2243C170001FB9AF;
					};
				};
			};
			buildConfigurationList = E060F4192243C170001FB9AF /* Build configuration list for PBXProject "WakeUp" */;
			compatibilityVersion = "Xcode 9.3";
			developmentRegion = en;
			hasScannedForEncodings = 0;
			knownRegions = (
				en,
				Base,
			);
			mainGroup = E060F4152243C170001FB9AF;
			productRefGroup = E060F41F2243C170001FB9AF /* Products */;
			projectDirPath = "";
			projectRoot = "";
			targets = (
				E060F41D2243C170001FB9AF /* WakeUp */,
				E060F4332243C172001FB9AF /* WakeUpTests */,
				E060F43E2243C172001FB9AF /* WakeUpUITests */,
			);
		};
/* End PBXProject section */

/* Begin PBXResourcesBuildPhase section */
		E060F41C2243C170001FB9AF /* Resources */ = {
			isa = PBXResourcesBuildPhase;
			buildActionMask = 2147483647;
			files = (
				E0911378224E39C200EB2480 /* ding.wav in Resources */,
				E0911374224C1D2000EB2480 /* .gitignore in Resources */,
				E060F42E2243C172001FB9AF /* LaunchScreen.storyboard in Resources */,
				E0911372224C165B00EB2480 /* GoogleService-Info.plist in Resources */,
				E060F42B2243C172001FB9AF /* Assets.xcassets in Resources */,
				E060F4292243C170001FB9AF /* Main.storyboard in Resources */,
			);
			runOnlyForDeploymentPostprocessing = 0;
		};
		E060F4322243C172001FB9AF /* Resources */ = {
			isa = PBXResourcesBuildPhase;
			buildActionMask = 2147483647;
			files = (
			);
			runOnlyForDeploymentPostprocessing = 0;
		};
		E060F43D2243C172001FB9AF /* Resources */ = {
			isa = PBXResourcesBuildPhase;
			buildActionMask = 2147483647;
			files = (
			);
			runOnlyForDeploymentPostprocessing = 0;
		};
/* End PBXResourcesBuildPhase section */

/* Begin PBXShellScriptBuildPhase section */
		411F396A4CF78A19BE60EE0C /* [CP] Embed Pods Frameworks */ = {
			isa = PBXShellScriptBuildPhase;
			buildActionMask = 2147483647;
			files = (
			);
			inputFileListPaths = (
			);
			inputPaths = (
				"${PODS_ROOT}/Target Support Files/Pods-WakeUp/Pods-WakeUp-frameworks.sh",
				"${BUILT_PRODUCTS_DIR}/BoringSSL-GRPC/openssl_grpc.framework",
				"${BUILT_PRODUCTS_DIR}/GoogleUtilities/GoogleUtilities.framework",
				"${BUILT_PRODUCTS_DIR}/Protobuf/Protobuf.framework",
				"${BUILT_PRODUCTS_DIR}/gRPC-C++/grpcpp.framework",
				"${BUILT_PRODUCTS_DIR}/gRPC-Core/grpc.framework",
				"${BUILT_PRODUCTS_DIR}/leveldb-library/leveldb.framework",
				"${BUILT_PRODUCTS_DIR}/nanopb/nanopb.framework",
			);
			name = "[CP] Embed Pods Frameworks";
			outputFileListPaths = (
			);
			outputPaths = (
				"${TARGET_BUILD_DIR}/${FRAMEWORKS_FOLDER_PATH}/openssl_grpc.framework",
				"${TARGET_BUILD_DIR}/${FRAMEWORKS_FOLDER_PATH}/GoogleUtilities.framework",
				"${TARGET_BUILD_DIR}/${FRAMEWORKS_FOLDER_PATH}/Protobuf.framework",
				"${TARGET_BUILD_DIR}/${FRAMEWORKS_FOLDER_PATH}/grpcpp.framework",
				"${TARGET_BUILD_DIR}/${FRAMEWORKS_FOLDER_PATH}/grpc.framework",
				"${TARGET_BUILD_DIR}/${FRAMEWORKS_FOLDER_PATH}/leveldb.framework",
				"${TARGET_BUILD_DIR}/${FRAMEWORKS_FOLDER_PATH}/nanopb.framework",
			);
			runOnlyForDeploymentPostprocessing = 0;
			shellPath = /bin/sh;
			shellScript = "\"${PODS_ROOT}/Target Support Files/Pods-WakeUp/Pods-WakeUp-frameworks.sh\"\n";
			showEnvVarsInLog = 0;
		};
		597890448CACC26A7FF56798 /* [CP] Check Pods Manifest.lock */ = {
			isa = PBXShellScriptBuildPhase;
			buildActionMask = 2147483647;
			files = (
			);
			inputFileListPaths = (
			);
			inputPaths = (
				"${PODS_PODFILE_DIR_PATH}/Podfile.lock",
				"${PODS_ROOT}/Manifest.lock",
			);
			name = "[CP] Check Pods Manifest.lock";
			outputFileListPaths = (
			);
			outputPaths = (
				"$(DERIVED_FILE_DIR)/Pods-WakeUp-checkManifestLockResult.txt",
			);
			runOnlyForDeploymentPostprocessing = 0;
			shellPath = /bin/sh;
			shellScript = "diff \"${PODS_PODFILE_DIR_PATH}/Podfile.lock\" \"${PODS_ROOT}/Manifest.lock\" > /dev/null\nif [ $? != 0 ] ; then\n    # print error to STDERR\n    echo \"error: The sandbox is not in sync with the Podfile.lock. Run 'pod install' or update your CocoaPods installation.\" >&2\n    exit 1\nfi\n# This output is used by Xcode 'outputs' to avoid re-running this script phase.\necho \"SUCCESS\" > \"${SCRIPT_OUTPUT_FILE_0}\"\n";
			showEnvVarsInLog = 0;
		};
		A797844460D7763991B8D584 /* [CP] Check Pods Manifest.lock */ = {
			isa = PBXShellScriptBuildPhase;
			buildActionMask = 2147483647;
			files = (
			);
			inputFileListPaths = (
			);
			inputPaths = (
				"${PODS_PODFILE_DIR_PATH}/Podfile.lock",
				"${PODS_ROOT}/Manifest.lock",
			);
			name = "[CP] Check Pods Manifest.lock";
			outputFileListPaths = (
			);
			outputPaths = (
				"$(DERIVED_FILE_DIR)/Pods-WakeUpTests-checkManifestLockResult.txt",
			);
			runOnlyForDeploymentPostprocessing = 0;
			shellPath = /bin/sh;
			shellScript = "diff \"${PODS_PODFILE_DIR_PATH}/Podfile.lock\" \"${PODS_ROOT}/Manifest.lock\" > /dev/null\nif [ $? != 0 ] ; then\n    # print error to STDERR\n    echo \"error: The sandbox is not in sync with the Podfile.lock. Run 'pod install' or update your CocoaPods installation.\" >&2\n    exit 1\nfi\n# This output is used by Xcode 'outputs' to avoid re-running this script phase.\necho \"SUCCESS\" > \"${SCRIPT_OUTPUT_FILE_0}\"\n";
			showEnvVarsInLog = 0;
		};
		AE661909AAE616BBA620C34B /* [CP] Check Pods Manifest.lock */ = {
			isa = PBXShellScriptBuildPhase;
			buildActionMask = 2147483647;
			files = (
			);
			inputFileListPaths = (
			);
			inputPaths = (
				"${PODS_PODFILE_DIR_PATH}/Podfile.lock",
				"${PODS_ROOT}/Manifest.lock",
			);
			name = "[CP] Check Pods Manifest.lock";
			outputFileListPaths = (
			);
			outputPaths = (
				"$(DERIVED_FILE_DIR)/Pods-WakeUpUITests-checkManifestLockResult.txt",
			);
			runOnlyForDeploymentPostprocessing = 0;
			shellPath = /bin/sh;
			shellScript = "diff \"${PODS_PODFILE_DIR_PATH}/Podfile.lock\" \"${PODS_ROOT}/Manifest.lock\" > /dev/null\nif [ $? != 0 ] ; then\n    # print error to STDERR\n    echo \"error: The sandbox is not in sync with the Podfile.lock. Run 'pod install' or update your CocoaPods installation.\" >&2\n    exit 1\nfi\n# This output is used by Xcode 'outputs' to avoid re-running this script phase.\necho \"SUCCESS\" > \"${SCRIPT_OUTPUT_FILE_0}\"\n";
			showEnvVarsInLog = 0;
		};
/* End PBXShellScriptBuildPhase section */

/* Begin PBXSourcesBuildPhase section */
		E060F41A2243C170001FB9AF /* Sources */ = {
			isa = PBXSourcesBuildPhase;
			buildActionMask = 2147483647;
			files = (
				E0911376224C256B00EB2480 /* CollectionViewCell.swift in Sources */,
				E060F4262243C170001FB9AF /* NSViewController.swift in Sources */,
				E060F4222243C170001FB9AF /* AppDelegate.swift in Sources */,
				E060F4582244E616001FB9AF /* NewAlarmViewController.swift in Sources */,
				E060F4242243C170001FB9AF /* AlarmsViewController.swift in Sources */,
			);
			runOnlyForDeploymentPostprocessing = 0;
		};
		E060F4302243C172001FB9AF /* Sources */ = {
			isa = PBXSourcesBuildPhase;
			buildActionMask = 2147483647;
			files = (
				E060F4392243C172001FB9AF /* WakeUpTests.swift in Sources */,
			);
			runOnlyForDeploymentPostprocessing = 0;
		};
		E060F43B2243C172001FB9AF /* Sources */ = {
			isa = PBXSourcesBuildPhase;
			buildActionMask = 2147483647;
			files = (
				E060F4442243C172001FB9AF /* WakeUpUITests.swift in Sources */,
			);
			runOnlyForDeploymentPostprocessing = 0;
		};
/* End PBXSourcesBuildPhase section */

/* Begin PBXTargetDependency section */
		E060F4362243C172001FB9AF /* PBXTargetDependency */ = {
			isa = PBXTargetDependency;
			target = E060F41D2243C170001FB9AF /* WakeUp */;
			targetProxy = E060F4352243C172001FB9AF /* PBXContainerItemProxy */;
		};
		E060F4412243C172001FB9AF /* PBXTargetDependency */ = {
			isa = PBXTargetDependency;
			target = E060F41D2243C170001FB9AF /* WakeUp */;
			targetProxy = E060F4402243C172001FB9AF /* PBXContainerItemProxy */;
		};
/* End PBXTargetDependency section */

/* Begin PBXVariantGroup section */
		E060F4272243C170001FB9AF /* Main.storyboard */ = {
			isa = PBXVariantGroup;
			children = (
				E060F4282243C170001FB9AF /* Base */,
			);
			name = Main.storyboard;
			sourceTree = "<group>";
		};
		E060F42C2243C172001FB9AF /* LaunchScreen.storyboard */ = {
			isa = PBXVariantGroup;
			children = (
				E060F42D2243C172001FB9AF /* Base */,
			);
			name = LaunchScreen.storyboard;
			sourceTree = "<group>";
		};
/* End PBXVariantGroup section */

/* Begin XCBuildConfiguration section */
		E060F4462243C172001FB9AF /* Debug */ = {
			isa = XCBuildConfiguration;
			buildSettings = {
				ALWAYS_SEARCH_USER_PATHS = NO;
				CLANG_ANALYZER_NONNULL = YES;
				CLANG_ANALYZER_NUMBER_OBJECT_CONVERSION = YES_AGGRESSIVE;
				CLANG_CXX_LANGUAGE_STANDARD = "gnu++14";
				CLANG_CXX_LIBRARY = "libc++";
				CLANG_ENABLE_MODULES = YES;
				CLANG_ENABLE_OBJC_ARC = YES;
				CLANG_ENABLE_OBJC_WEAK = YES;
				CLANG_WARN_BLOCK_CAPTURE_AUTORELEASING = YES;
				CLANG_WARN_BOOL_CONVERSION = YES;
				CLANG_WARN_COMMA = YES;
				CLANG_WARN_CONSTANT_CONVERSION = YES;
				CLANG_WARN_DEPRECATED_OBJC_IMPLEMENTATIONS = YES;
				CLANG_WARN_DIRECT_OBJC_ISA_USAGE = YES_ERROR;
				CLANG_WARN_DOCUMENTATION_COMMENTS = YES;
				CLANG_WARN_EMPTY_BODY = YES;
				CLANG_WARN_ENUM_CONVERSION = YES;
				CLANG_WARN_INFINITE_RECURSION = YES;
				CLANG_WARN_INT_CONVERSION = YES;
				CLANG_WARN_NON_LITERAL_NULL_CONVERSION = YES;
				CLANG_WARN_OBJC_IMPLICIT_RETAIN_SELF = YES;
				CLANG_WARN_OBJC_LITERAL_CONVERSION = YES;
				CLANG_WARN_OBJC_ROOT_CLASS = YES_ERROR;
				CLANG_WARN_RANGE_LOOP_ANALYSIS = YES;
				CLANG_WARN_STRICT_PROTOTYPES = YES;
				CLANG_WARN_SUSPICIOUS_MOVE = YES;
				CLANG_WARN_UNGUARDED_AVAILABILITY = YES_AGGRESSIVE;
				CLANG_WARN_UNREACHABLE_CODE = YES;
				CLANG_WARN__DUPLICATE_METHOD_MATCH = YES;
				CODE_SIGN_IDENTITY = "iPhone Developer";
				COPY_PHASE_STRIP = NO;
				DEBUG_INFORMATION_FORMAT = dwarf;
				ENABLE_STRICT_OBJC_MSGSEND = YES;
				ENABLE_TESTABILITY = YES;
				GCC_C_LANGUAGE_STANDARD = gnu11;
				GCC_DYNAMIC_NO_PIC = NO;
				GCC_NO_COMMON_BLOCKS = YES;
				GCC_OPTIMIZATION_LEVEL = 0;
				GCC_PREPROCESSOR_DEFINITIONS = (
					"DEBUG=1",
					"$(inherited)",
				);
				GCC_WARN_64_TO_32_BIT_CONVERSION = YES;
				GCC_WARN_ABOUT_RETURN_TYPE = YES_ERROR;
				GCC_WARN_UNDECLARED_SELECTOR = YES;
				GCC_WARN_UNINITIALIZED_AUTOS = YES_AGGRESSIVE;
				GCC_WARN_UNUSED_FUNCTION = YES;
				GCC_WARN_UNUSED_VARIABLE = YES;
				IPHONEOS_DEPLOYMENT_TARGET = 12.1;
				MTL_ENABLE_DEBUG_INFO = INCLUDE_SOURCE;
				MTL_FAST_MATH = YES;
				ONLY_ACTIVE_ARCH = YES;
				SDKROOT = iphoneos;
				SWIFT_ACTIVE_COMPILATION_CONDITIONS = DEBUG;
				SWIFT_OPTIMIZATION_LEVEL = "-Onone";
			};
			name = Debug;
		};
		E060F4472243C172001FB9AF /* Release */ = {
			isa = XCBuildConfiguration;
			buildSettings = {
				ALWAYS_SEARCH_USER_PATHS = NO;
				CLANG_ANALYZER_NONNULL = YES;
				CLANG_ANALYZER_NUMBER_OBJECT_CONVERSION = YES_AGGRESSIVE;
				CLANG_CXX_LANGUAGE_STANDARD = "gnu++14";
				CLANG_CXX_LIBRARY = "libc++";
				CLANG_ENABLE_MODULES = YES;
				CLANG_ENABLE_OBJC_ARC = YES;
				CLANG_ENABLE_OBJC_WEAK = YES;
				CLANG_WARN_BLOCK_CAPTURE_AUTORELEASING = YES;
				CLANG_WARN_BOOL_CONVERSION = YES;
				CLANG_WARN_COMMA = YES;
				CLANG_WARN_CONSTANT_CONVERSION = YES;
				CLANG_WARN_DEPRECATED_OBJC_IMPLEMENTATIONS = YES;
				CLANG_WARN_DIRECT_OBJC_ISA_USAGE = YES_ERROR;
				CLANG_WARN_DOCUMENTATION_COMMENTS = YES;
				CLANG_WARN_EMPTY_BODY = YES;
				CLANG_WARN_ENUM_CONVERSION = YES;
				CLANG_WARN_INFINITE_RECURSION = YES;
				CLANG_WARN_INT_CONVERSION = YES;
				CLANG_WARN_NON_LITERAL_NULL_CONVERSION = YES;
				CLANG_WARN_OBJC_IMPLICIT_RETAIN_SELF = YES;
				CLANG_WARN_OBJC_LITERAL_CONVERSION = YES;
				CLANG_WARN_OBJC_ROOT_CLASS = YES_ERROR;
				CLANG_WARN_RANGE_LOOP_ANALYSIS = YES;
				CLANG_WARN_STRICT_PROTOTYPES = YES;
				CLANG_WARN_SUSPICIOUS_MOVE = YES;
				CLANG_WARN_UNGUARDED_AVAILABILITY = YES_AGGRESSIVE;
				CLANG_WARN_UNREACHABLE_CODE = YES;
				CLANG_WARN__DUPLICATE_METHOD_MATCH = YES;
				CODE_SIGN_IDENTITY = "iPhone Developer";
				COPY_PHASE_STRIP = NO;
				DEBUG_INFORMATION_FORMAT = "dwarf-with-dsym";
				ENABLE_NS_ASSERTIONS = NO;
				ENABLE_STRICT_OBJC_MSGSEND = YES;
				GCC_C_LANGUAGE_STANDARD = gnu11;
				GCC_NO_COMMON_BLOCKS = YES;
				GCC_WARN_64_TO_32_BIT_CONVERSION = YES;
				GCC_WARN_ABOUT_RETURN_TYPE = YES_ERROR;
				GCC_WARN_UNDECLARED_SELECTOR = YES;
				GCC_WARN_UNINITIALIZED_AUTOS = YES_AGGRESSIVE;
				GCC_WARN_UNUSED_FUNCTION = YES;
				GCC_WARN_UNUSED_VARIABLE = YES;
				IPHONEOS_DEPLOYMENT_TARGET = 12.1;
				MTL_ENABLE_DEBUG_INFO = NO;
				MTL_FAST_MATH = YES;
				SDKROOT = iphoneos;
				SWIFT_COMPILATION_MODE = wholemodule;
				SWIFT_OPTIMIZATION_LEVEL = "-O";
				VALIDATE_PRODUCT = YES;
			};
			name = Release;
		};
		E060F4492243C172001FB9AF /* Debug */ = {
			isa = XCBuildConfiguration;
			baseConfigurationReference = 70EB6B0CBC8CB94682D53AF9 /* Pods-WakeUp.debug.xcconfig */;
			buildSettings = {
				ASSETCATALOG_COMPILER_APPICON_NAME = AppIcon;
				CODE_SIGN_STYLE = Automatic;
				INFOPLIST_FILE = WakeUp/Info.plist;
				LD_RUNPATH_SEARCH_PATHS = (
					"$(inherited)",
					"@executable_path/Frameworks",
				);
				PRODUCT_BUNDLE_IDENTIFIER = com.dylano.WakeUp;
				PRODUCT_NAME = "$(TARGET_NAME)";
				SWIFT_VERSION = 4.2;
				TARGETED_DEVICE_FAMILY = "1,2";
			};
			name = Debug;
		};
		E060F44A2243C172001FB9AF /* Release */ = {
			isa = XCBuildConfiguration;
			baseConfigurationReference = E4BE38784CBFABA1E55675AA /* Pods-WakeUp.release.xcconfig */;
			buildSettings = {
				ASSETCATALOG_COMPILER_APPICON_NAME = AppIcon;
				CODE_SIGN_STYLE = Automatic;
				INFOPLIST_FILE = WakeUp/Info.plist;
				LD_RUNPATH_SEARCH_PATHS = (
					"$(inherited)",
					"@executable_path/Frameworks",
				);
				PRODUCT_BUNDLE_IDENTIFIER = com.dylano.WakeUp;
				PRODUCT_NAME = "$(TARGET_NAME)";
				SWIFT_VERSION = 4.2;
				TARGETED_DEVICE_FAMILY = "1,2";
			};
			name = Release;
		};
		E060F44C2243C172001FB9AF /* Debug */ = {
			isa = XCBuildConfiguration;
			baseConfigurationReference = E3723B51B5CE4E884D63A60E /* Pods-WakeUpTests.debug.xcconfig */;
			buildSettings = {
				ALWAYS_EMBED_SWIFT_STANDARD_LIBRARIES = YES;
				BUNDLE_LOADER = "$(TEST_HOST)";
				CODE_SIGN_STYLE = Automatic;
				INFOPLIST_FILE = WakeUpTests/Info.plist;
				LD_RUNPATH_SEARCH_PATHS = (
					"$(inherited)",
					"@executable_path/Frameworks",
					"@loader_path/Frameworks",
				);
				PRODUCT_BUNDLE_IDENTIFIER = com.dylano.WakeUpTests;
				PRODUCT_NAME = "$(TARGET_NAME)";
				SWIFT_VERSION = 4.2;
				TARGETED_DEVICE_FAMILY = "1,2";
				TEST_HOST = "$(BUILT_PRODUCTS_DIR)/WakeUp.app/WakeUp";
			};
			name = Debug;
		};
		E060F44D2243C172001FB9AF /* Release */ = {
			isa = XCBuildConfiguration;
			baseConfigurationReference = B7E30B553361F9B9A582DF75 /* Pods-WakeUpTests.release.xcconfig */;
			buildSettings = {
				ALWAYS_EMBED_SWIFT_STANDARD_LIBRARIES = YES;
				BUNDLE_LOADER = "$(TEST_HOST)";
				CODE_SIGN_STYLE = Automatic;
				INFOPLIST_FILE = WakeUpTests/Info.plist;
				LD_RUNPATH_SEARCH_PATHS = (
					"$(inherited)",
					"@executable_path/Frameworks",
					"@loader_path/Frameworks",
				);
				PRODUCT_BUNDLE_IDENTIFIER = com.dylano.WakeUpTests;
				PRODUCT_NAME = "$(TARGET_NAME)";
				SWIFT_VERSION = 4.2;
				TARGETED_DEVICE_FAMILY = "1,2";
				TEST_HOST = "$(BUILT_PRODUCTS_DIR)/WakeUp.app/WakeUp";
			};
			name = Release;
		};
		E060F44F2243C172001FB9AF /* Debug */ = {
			isa = XCBuildConfiguration;
			baseConfigurationReference = 3900221F10F9951148E3A5E2 /* Pods-WakeUpUITests.debug.xcconfig */;
			buildSettings = {
				ALWAYS_EMBED_SWIFT_STANDARD_LIBRARIES = YES;
				CODE_SIGN_STYLE = Automatic;
				INFOPLIST_FILE = WakeUpUITests/Info.plist;
				LD_RUNPATH_SEARCH_PATHS = (
					"$(inherited)",
					"@executable_path/Frameworks",
					"@loader_path/Frameworks",
				);
				PRODUCT_BUNDLE_IDENTIFIER = com.dylano.WakeUpUITests;
				PRODUCT_NAME = "$(TARGET_NAME)";
				SWIFT_VERSION = 4.2;
				TARGETED_DEVICE_FAMILY = "1,2";
				TEST_TARGET_NAME = WakeUp;
			};
			name = Debug;
		};
		E060F4502243C172001FB9AF /* Release */ = {
			isa = XCBuildConfiguration;
			baseConfigurationReference = 203DB19307141733619257AC /* Pods-WakeUpUITests.release.xcconfig */;
			buildSettings = {
				ALWAYS_EMBED_SWIFT_STANDARD_LIBRARIES = YES;
				CODE_SIGN_STYLE = Automatic;
				INFOPLIST_FILE = WakeUpUITests/Info.plist;
				LD_RUNPATH_SEARCH_PATHS = (
					"$(inherited)",
					"@executable_path/Frameworks",
					"@loader_path/Frameworks",
				);
				PRODUCT_BUNDLE_IDENTIFIER = com.dylano.WakeUpUITests;
				PRODUCT_NAME = "$(TARGET_NAME)";
				SWIFT_VERSION = 4.2;
				TARGETED_DEVICE_FAMILY = "1,2";
				TEST_TARGET_NAME = WakeUp;
			};
			name = Release;
		};
/* End XCBuildConfiguration section */

/* Begin XCConfigurationList section */
		E060F4192243C170001FB9AF /* Build configuration list for PBXProject "WakeUp" */ = {
			isa = XCConfigurationList;
			buildConfigurations = (
				E060F4462243C172001FB9AF /* Debug */,
				E060F4472243C172001FB9AF /* Release */,
			);
			defaultConfigurationIsVisible = 0;
			defaultConfigurationName = Release;
		};
		E060F4482243C172001FB9AF /* Build configuration list for PBXNativeTarget "WakeUp" */ = {
			isa = XCConfigurationList;
			buildConfigurations = (
				E060F4492243C172001FB9AF /* Debug */,
				E060F44A2243C172001FB9AF /* Release */,
			);
			defaultConfigurationIsVisible = 0;
			defaultConfigurationName = Release;
		};
		E060F44B2243C172001FB9AF /* Build configuration list for PBXNativeTarget "WakeUpTests" */ = {
			isa = XCConfigurationList;
			buildConfigurations = (
				E060F44C2243C172001FB9AF /* Debug */,
				E060F44D2243C172001FB9AF /* Release */,
			);
			defaultConfigurationIsVisible = 0;
			defaultConfigurationName = Release;
		};
		E060F44E2243C172001FB9AF /* Build configuration list for PBXNativeTarget "WakeUpUITests" */ = {
			isa = XCConfigurationList;
			buildConfigurations = (
				E060F44F2243C172001FB9AF /* Debug */,
				E060F4502243C172001FB9AF /* Release */,
			);
			defaultConfigurationIsVisible = 0;
			defaultConfigurationName = Release;
		};
/* End XCConfigurationList section */
	};
	rootObject = E060F4162243C170001FB9AF /* Project object */;
}
